github.com/go-acme/lego v2.7.2+incompatible h1:ThhpPBgf6oa9X/vRd0kEmWOsX7+vmYdckmGZSb+FEp0=
github.com/go-acme/lego v2.7.2+incompatible/go.mod h1:yzMNe9CasVUhkquNvti5nAtPmG94USbYxYrZfTkIn0M=
github.com/postmannen/lexml v0.0.0-20190413205615-d34a5a4dafef h1:tW3tuD1g2qkHQ1U/7yzSELSi45+EqyHQt6OVzHg4XIc=
github.com/postmannen/lexml v0.0.0-20190413205615-d34a5a4dafef/go.mod h1:jgLBF+rdSYF8mHe9p9JZblZSup1p1LSyTjhx+OZRuGg=
